// !$*UTF8*$!
{
	archiveVersion = 1;
	classes = {
	};
	objectVersion = 46;
	objects = {

/* Begin PBXBuildFile section */
		B141C29D1C49487000CA262F /* AppDelegate.swift in Sources */ = {isa = PBXBuildFile; fileRef = B141C29C1C49487000CA262F /* AppDelegate.swift */; };
		B141C29F1C49487000CA262F /* ViewController.swift in Sources */ = {isa = PBXBuildFile; fileRef = B141C29E1C49487000CA262F /* ViewController.swift */; };
		B141C2A21C49487000CA262F /* Main.storyboard in Resources */ = {isa = PBXBuildFile; fileRef = B141C2A01C49487000CA262F /* Main.storyboard */; };
		B141C2A41C49487000CA262F /* Assets.xcassets in Resources */ = {isa = PBXBuildFile; fileRef = B141C2A31C49487000CA262F /* Assets.xcassets */; };
		B141C2A71C49487000CA262F /* LaunchScreen.storyboard in Resources */ = {isa = PBXBuildFile; fileRef = B141C2A51C49487000CA262F /* LaunchScreen.storyboard */; };
		B141C2B21C49487000CA262F /* SectionsTests.swift in Sources */ = {isa = PBXBuildFile; fileRef = B141C2B11C49487000CA262F /* SectionsTests.swift */; };
		B141C2BD1C49487000CA262F /* SectionsUITests.swift in Sources */ = {isa = PBXBuildFile; fileRef = B141C2BC1C49487000CA262F /* SectionsUITests.swift */; };
/* End PBXBuildFile section */

/* Begin PBXContainerItemProxy section */
		B141C2AE1C49487000CA262F /* PBXContainerItemProxy */ = {
			isa = PBXContainerItemProxy;
			containerPortal = B141C2911C49487000CA262F /* Project object */;
			proxyType = 1;
			remoteGlobalIDString = B141C2981C49487000CA262F;
			remoteInfo = Sections;
		};
		B141C2B91C49487000CA262F /* PBXContainerItemProxy */ = {
			isa = PBXContainerItemProxy;
			containerPortal = B141C2911C49487000CA262F /* Project object */;
			proxyType = 1;
			remoteGlobalIDString = B141C2981C49487000CA262F;
			remoteInfo = Sections;
		};
/* End PBXContainerItemProxy section */

/* Begin PBXFileReference section */
		B141C2991C49487000CA262F /* Sections.app */ = {isa = PBXFileReference; explicitFileType = wrapper.application; includeInIndex = 0; path = Sections.app; sourceTree = BUILT_PRODUCTS_DIR; };
		B141C29C1C49487000CA262F /* AppDelegate.swift */ = {isa = PBXFileReference; lastKnownFileType = sourcecode.swift; path = AppDelegate.swift; sourceTree = "<group>"; };
		B141C29E1C49487000CA262F /* ViewController.swift */ = {isa = PBXFileReference; lastKnownFileType = sourcecode.swift; path = ViewController.swift; sourceTree = "<group>"; };
		B141C2A11C49487000CA262F /* Base */ = {isa = PBXFileReference; lastKnownFileType = file.storyboard; name = Base; path = Base.lproj/Main.storyboard; sourceTree = "<group>"; };
		B141C2A31C49487000CA262F /* Assets.xcassets */ = {isa = PBXFileReference; lastKnownFileType = folder.assetcatalog; path = Assets.xcassets; sourceTree = "<group>"; };
		B141C2A61C49487000CA262F /* Base */ = {isa = PBXFileReference; lastKnownFileType = file.storyboard; name = Base; path = Base.lproj/LaunchScreen.storyboard; sourceTree = "<group>"; };
		B141C2A81C49487000CA262F /* Info.plist */ = {isa = PBXFileReference; lastKnownFileType = text.plist.xml; path = Info.plist; sourceTree = "<group>"; };
		B141C2AD1C49487000CA262F /* SectionsTests.xctest */ = {isa = PBXFileReference; explicitFileType = wrapper.cfbundle; includeInIndex = 0; path = SectionsTests.xctest; sourceTree = BUILT_PRODUCTS_DIR; };
		B141C2B11C49487000CA262F /* SectionsTests.swift */ = {isa = PBXFileReference; lastKnownFileType = sourcecode.swift; path = SectionsTests.swift; sourceTree = "<group>"; };
		B141C2B31C49487000CA262F /* Info.plist */ = {isa = PBXFileReference; lastKnownFileType = text.plist.xml; path = Info.plist; sourceTree = "<group>"; };
		B141C2B81C49487000CA262F /* SectionsUITests.xctest */ = {isa = PBXFileReference; explicitFileType = wrapper.cfbundle; includeInIndex = 0; path = SectionsUITests.xctest; sourceTree = BUILT_PRODUCTS_DIR; };
		B141C2BC1C49487000CA262F /* SectionsUITests.swift */ = {isa = PBXFileReference; lastKnownFileType = sourcecode.swift; path = SectionsUITests.swift; sourceTree = "<group>"; };
		B141C2BE1C49487000CA262F /* Info.plist */ = {isa = PBXFileReference; lastKnownFileType = text.plist.xml; path = Info.plist; sourceTree = "<group>"; };
/* End PBXFileReference section */

/* Begin PBXFrameworksBuildPhase section */
		B141C2961C49487000CA262F /* Frameworks */ = {
			isa = PBXFrameworksBuildPhase;
			buildActionMask = 2147483647;
			files = (
			);
			runOnlyForDeploymentPostprocessing = 0;
		};
		B141C2AA1C49487000CA262F /* Frameworks */ = {
			isa = PBXFrameworksBuildPhase;
			buildActionMask = 2147483647;
			files = (
			);
			runOnlyForDeploymentPostprocessing = 0;
		};
		B141C2B51C49487000CA262F /* Frameworks */ = {
			isa = PBXFrameworksBuildPhase;
			buildActionMask = 2147483647;
			files = (
			);
			runOnlyForDeploymentPostprocessing = 0;
		};
/* End PBXFrameworksBuildPhase section */

/* Begin PBXGroup section */
		B141C2901C49487000CA262F = {
			isa = PBXGroup;
			children = (
				B141C29B1C49487000CA262F /* Sections */,
				B141C2B01C49487000CA262F /* SectionsTests */,
				B141C2BB1C49487000CA262F /* SectionsUITests */,
				B141C29A1C49487000CA262F /* Products */,
			);
			sourceTree = "<group>";
		};
		B141C29A1C49487000CA262F /* Products */ = {
			isa = PBXGroup;
			children = (
				B141C2991C49487000CA262F /* Sections.app */,
				B141C2AD1C49487000CA262F /* SectionsTests.xctest */,
				B141C2B81C49487000CA262F /* SectionsUITests.xctest */,
			);
			name = Products;
			sourceTree = "<group>";
		};
		B141C29B1C49487000CA262F /* Sections */ = {
			isa = PBXGroup;
			children = (
				B141C29C1C49487000CA262F /* AppDelegate.swift */,
				B141C29E1C49487000CA262F /* ViewController.swift */,
				B141C2A01C49487000CA262F /* Main.storyboard */,
				B141C2A31C49487000CA262F /* Assets.xcassets */,
				B141C2A51C49487000CA262F /* LaunchScreen.storyboard */,
				B141C2A81C49487000CA262F /* Info.plist */,
			);
			path = Sections;
			sourceTree = "<group>";
		};
		B141C2B01C49487000CA262F /* SectionsTests */ = {
			isa = PBXGroup;
			children = (
				B141C2B11C49487000CA262F /* SectionsTests.swift */,
				B141C2B31C49487000CA262F /* Info.plist */,
			);
			path = SectionsTests;
			sourceTree = "<group>";
		};
		B141C2BB1C49487000CA262F /* SectionsUITests */ = {
			isa = PBXGroup;
			children = (
				B141C2BC1C49487000CA262F /* SectionsUITests.swift */,
				B141C2BE1C49487000CA262F /* Info.plist */,
			);
			path = SectionsUITests;
			sourceTree = "<group>";
		};
/* End PBXGroup section */

/* Begin PBXNativeTarget section */
		B141C2981C49487000CA262F /* Sections */ = {
			isa = PBXNativeTarget;
			buildConfigurationList = B141C2C11C49487000CA262F /* Build configuration list for PBXNativeTarget "Sections" */;
			buildPhases = (
				B141C2951C49487000CA262F /* Sources */,
				B141C2961C49487000CA262F /* Frameworks */,
				B141C2971C49487000CA262F /* Resources */,
			);
			buildRules = (
			);
			dependencies = (
			);
			name = Sections;
			productName = Sections;
			productReference = B141C2991C49487000CA262F /* Sections.app */;
			productType = "com.apple.product-type.application";
		};
		B141C2AC1C49487000CA262F /* SectionsTests */ = {
			isa = PBXNativeTarget;
			buildConfigurationList = B141C2C41C49487000CA262F /* Build configuration list for PBXNativeTarget "SectionsTests" */;
			buildPhases = (
				B141C2A91C49487000CA262F /* Sources */,
				B141C2AA1C49487000CA262F /* Frameworks */,
				B141C2AB1C49487000CA262F /* Resources */,
			);
			buildRules = (
			);
			dependencies = (
				B141C2AF1C49487000CA262F /* PBXTargetDependency */,
			);
			name = SectionsTests;
			productName = SectionsTests;
			productReference = B141C2AD1C49487000CA262F /* SectionsTests.xctest */;
			productType = "com.apple.product-type.bundle.unit-test";
		};
		B141C2B71C49487000CA262F /* SectionsUITests */ = {
			isa = PBXNativeTarget;
			buildConfigurationList = B141C2C71C49487000CA262F /* Build configuration list for PBXNativeTarget "SectionsUITests" */;
			buildPhases = (
				B141C2B41C49487000CA262F /* Sources */,
				B141C2B51C49487000CA262F /* Frameworks */,
				B141C2B61C49487000CA262F /* Resources */,
			);
			buildRules = (
			);
			dependencies = (
				B141C2BA1C49487000CA262F /* PBXTargetDependency */,
			);
			name = SectionsUITests;
			productName = SectionsUITests;
			productReference = B141C2B81C49487000CA262F /* SectionsUITests.xctest */;
			productType = "com.apple.product-type.bundle.ui-testing";
		};
/* End PBXNativeTarget section */

/* Begin PBXProject section */
		B141C2911C49487000CA262F /* Project object */ = {
			isa = PBXProject;
			attributes = {
				LastSwiftUpdateCheck = 0720;
				LastUpgradeCheck = 0720;
				ORGANIZATIONNAME = "FyfthElement Innovation";
				TargetAttributes = {
					B141C2981C49487000CA262F = {
						CreatedOnToolsVersion = 7.2;
					};
					B141C2AC1C49487000CA262F = {
						CreatedOnToolsVersion = 7.2;
						TestTargetID = B141C2981C49487000CA262F;
					};
					B141C2B71C49487000CA262F = {
						CreatedOnToolsVersion = 7.2;
						TestTargetID = B141C2981C49487000CA262F;
					};
				};
			};
			buildConfigurationList = B141C2941C49487000CA262F /* Build configuration list for PBXProject "Sections" */;
			compatibilityVersion = "Xcode 3.2";
			developmentRegion = English;
			hasScannedForEncodings = 0;
			knownRegions = (
				en,
				Base,
			);
			mainGroup = B141C2901C49487000CA262F;
			productRefGroup = B141C29A1C49487000CA262F /* Products */;
			projectDirPath = "";
			projectRoot = "";
			targets = (
				B141C2981C49487000CA262F /* Sections */,
				B141C2AC1C49487000CA262F /* SectionsTests */,
				B141C2B71C49487000CA262F /* SectionsUITests */,
			);
		};
/* End PBXProject section */

/* Begin PBXResourcesBuildPhase section */
		B141C2971C49487000CA262F /* Resources */ = {
			isa = PBXResourcesBuildPhase;
			buildActionMask = 2147483647;
			files = (
				B141C2A71C49487000CA262F /* LaunchScreen.storyboard in Resources */,
				B141C2A41C49487000CA262F /* Assets.xcassets in Resources */,
				B141C2A21C49487000CA262F /* Main.storyboard in Resources */,
			);
			runOnlyForDeploymentPostprocessing = 0;
		};
		B141C2AB1C49487000CA262F /* Resources */ = {
			isa = PBXResourcesBuildPhase;
			buildActionMask = 2147483647;
			files = (
			);
			runOnlyForDeploymentPostprocessing = 0;
		};
		B141C2B61C49487000CA262F /* Resources */ = {
			isa = PBXResourcesBuildPhase;
			buildActionMask = 2147483647;
			files = (
			);
			runOnlyForDeploymentPostprocessing = 0;
		};
/* End PBXResourcesBuildPhase section */

/* Begin PBXSourcesBuildPhase section */
		B141C2951C49487000CA262F /* Sources */ = {
			isa = PBXSourcesBuildPhase;
			buildActionMask = 2147483647;
			files = (
				B141C29F1C49487000CA262F /* ViewController.swift in Sources */,
				B141C29D1C49487000CA262F /* AppDelegate.swift in Sources */,
			);
			runOnlyForDeploymentPostprocessing = 0;
		};
		B141C2A91C49487000CA262F /* Sources */ = {
			isa = PBXSourcesBuildPhase;
			buildActionMask = 2147483647;
			files = (
				B141C2B21C49487000CA262F /* SectionsTests.swift in Sources */,
			);
			runOnlyForDeploymentPostprocessing = 0;
		};
		B141C2B41C49487000CA262F /* Sources */ = {
			isa = PBXSourcesBuildPhase;
			buildActionMask = 2147483647;
			files = (
				B141C2BD1C49487000CA262F /* SectionsUITests.swift in Sources */,
			);
			runOnlyForDeploymentPostprocessing = 0;
		};
/* End PBXSourcesBuildPhase section */

/* Begin PBXTargetDependency section */
		B141C2AF1C49487000CA262F /* PBXTargetDependency */ = {
			isa = PBXTargetDependency;
			target = B141C2981C49487000CA262F /* Sections */;
			targetProxy = B141C2AE1C49487000CA262F /* PBXContainerItemProxy */;
		};
		B141C2BA1C49487000CA262F /* PBXTargetDependency */ = {
			isa = PBXTargetDependency;
			target = B141C2981C49487000CA262F /* Sections */;
			targetProxy = B141C2B91C49487000CA262F /* PBXContainerItemProxy */;
		};
/* End PBXTargetDependency section */

/* Begin PBXVariantGroup section */
		B141C2A01C49487000CA262F /* Main.storyboard */ = {
			isa = PBXVariantGroup;
			children = (
				B141C2A11C49487000CA262F /* Base */,
			);
			name = Main.storyboard;
			sourceTree = "<group>";
		};
		B141C2A51C49487000CA262F /* LaunchScreen.storyboard */ = {
			isa = PBXVariantGroup;
			children = (
				B141C2A61C49487000CA262F /* Base */,
			);
			name = LaunchScreen.storyboard;
			sourceTree = "<group>";
		};
/* End PBXVariantGroup section */

/* Begin XCBuildConfiguration section */
		B141C2BF1C49487000CA262F /* Debug */ = {
			isa = XCBuildConfiguration;
			buildSettings = {
				ALWAYS_SEARCH_USER_PATHS = NO;
				CLANG_CXX_LANGUAGE_STANDARD = "gnu++0x";
				CLANG_CXX_LIBRARY = "libc++";
				CLANG_ENABLE_MODULES = YES;
				CLANG_ENABLE_OBJC_ARC = YES;
				CLANG_WARN_BOOL_CONVERSION = YES;
				CLANG_WARN_CONSTANT_CONVERSION = YES;
				CLANG_WARN_DIRECT_OBJC_ISA_USAGE = YES_ERROR;
				CLANG_WARN_EMPTY_BODY = YES;
				CLANG_WARN_ENUM_CONVERSION = YES;
				CLANG_WARN_INT_CONVERSION = YES;
				CLANG_WARN_OBJC_ROOT_CLASS = YES_ERROR;
				CLANG_WARN_UNREACHABLE_CODE = YES;
				CLANG_WARN__DUPLICATE_METHOD_MATCH = YES;
				"CODE_SIGN_IDENTITY[sdk=iphoneos*]" = "iPhone Developer";
				COPY_PHASE_STRIP = NO;
				DEBUG_INFORMATION_FORMAT = dwarf;
				ENABLE_STRICT_OBJC_MSGSEND = YES;
				ENABLE_TESTABILITY = YES;
				GCC_C_LANGUAGE_STANDARD = gnu99;
				GCC_DYNAMIC_NO_PIC = NO;
				GCC_NO_COMMON_BLOCKS = YES;
				GCC_OPTIMIZATION_LEVEL = 0;
				GCC_PREPROCESSOR_DEFINITIONS = (
					"DEBUG=1",
					"$(inherited)",
				);
				GCC_WARN_64_TO_32_BIT_CONVERSION = YES;
				GCC_WARN_ABOUT_RETURN_TYPE = YES_ERROR;
				GCC_WARN_UNDECLARED_SELECTOR = YES;
				GCC_WARN_UNINITIALIZED_AUTOS = YES_AGGRESSIVE;
				GCC_WARN_UNUSED_FUNCTION = YES;
				GCC_WARN_UNUSED_VARIABLE = YES;
				IPHONEOS_DEPLOYMENT_TARGET = 9.2;
				MTL_ENABLE_DEBUG_INFO = YES;
				ONLY_ACTIVE_ARCH = YES;
				SDKROOT = iphoneos;
				SWIFT_OPTIMIZATION_LEVEL = "-Onone";
				TARGETED_DEVICE_FAMILY = "1,2";
			};
			name = Debug;
		};
		B141C2C01C49487000CA262F /* Release */ = {
			isa = XCBuildConfiguration;
			buildSettings = {
				ALWAYS_SEARCH_USER_PATHS = NO;
				CLANG_CXX_LANGUAGE_STANDARD = "gnu++0x";
				CLANG_CXX_LIBRARY = "libc++";
				CLANG_ENABLE_MODULES = YES;
				CLANG_ENABLE_OBJC_ARC = YES;
				CLANG_WARN_BOOL_CONVERSION = YES;
				CLANG_WARN_CONSTANT_CONVERSION = YES;
				CLANG_WARN_DIRECT_OBJC_ISA_USAGE = YES_ERROR;
				CLANG_WARN_EMPTY_BODY = YES;
				CLANG_WARN_ENUM_CONVERSION = YES;
				CLANG_WARN_INT_CONVERSION = YES;
				CLANG_WARN_OBJC_ROOT_CLASS = YES_ERROR;
				CLANG_WARN_UNREACHABLE_CODE = YES;
				CLANG_WARN__DUPLICATE_METHOD_MATCH = YES;
				"CODE_SIGN_IDENTITY[sdk=iphoneos*]" = "iPhone Developer";
				COPY_PHASE_STRIP = NO;
				DEBUG_INFORMATION_FORMAT = "dwarf-with-dsym";
				ENABLE_NS_ASSERTIONS = NO;
				ENABLE_STRICT_OBJC_MSGSEND = YES;
				GCC_C_LANGUAGE_STANDARD = gnu99;
				GCC_NO_COMMON_BLOCKS = YES;
				GCC_WARN_64_TO_32_BIT_CONVERSION = YES;
				GCC_WARN_ABOUT_RETURN_TYPE = YES_ERROR;
				GCC_WARN_UNDECLARED_SELECTOR = YES;
				GCC_WARN_UNINITIALIZED_AUTOS = YES_AGGRESSIVE;
				GCC_WARN_UNUSED_FUNCTION = YES;
				GCC_WARN_UNUSED_VARIABLE = YES;
				IPHONEOS_DEPLOYMENT_TARGET = 9.2;
				MTL_ENABLE_DEBUG_INFO = NO;
				SDKROOT = iphoneos;
				TARGETED_DEVICE_FAMILY = "1,2";
				VALIDATE_PRODUCT = YES;
			};
			name = Release;
		};
		B141C2C21C49487000CA262F /* Debug */ = {
			isa = XCBuildConfiguration;
			buildSettings = {
				ASSETCATALOG_COMPILER_APPICON_NAME = AppIcon;
				INFOPLIST_FILE = Sections/Info.plist;
				LD_RUNPATH_SEARCH_PATHS = "$(inherited) @executable_path/Frameworks";
				PRODUCT_BUNDLE_IDENTIFIER = com.FyfthElement.Sections;
				PRODUCT_NAME = "$(TARGET_NAME)";
			};
			name = Debug;
		};
		B141C2C31C49487000CA262F /* Release */ = {
			isa = XCBuildConfiguration;
			buildSettings = {
				ASSETCATALOG_COMPILER_APPICON_NAME = AppIcon;
				INFOPLIST_FILE = Sections/Info.plist;
				LD_RUNPATH_SEARCH_PATHS = "$(inherited) @executable_path/Frameworks";
				PRODUCT_BUNDLE_IDENTIFIER = com.FyfthElement.Sections;
				PRODUCT_NAME = "$(TARGET_NAME)";
			};
			name = Release;
		};
		B141C2C51C49487000CA262F /* Debug */ = {
			isa = XCBuildConfiguration;
			buildSettings = {
				BUNDLE_LOADER = "$(TEST_HOST)";
				INFOPLIST_FILE = SectionsTests/Info.plist;
				LD_RUNPATH_SEARCH_PATHS = "$(inherited) @executable_path/Frameworks @loader_path/Frameworks";
				PRODUCT_BUNDLE_IDENTIFIER = com.FyfthElement.SectionsTests;
				PRODUCT_NAME = "$(TARGET_NAME)";
				TEST_HOST = "$(BUILT_PRODUCTS_DIR)/Sections.app/Sections";
			};
			name = Debug;
		};
		B141C2C61C49487000CA262F /* Release */ = {
			isa = XCBuildConfiguration;
			buildSettings = {
				BUNDLE_LOADER = "$(TEST_HOST)";
				INFOPLIST_FILE = SectionsTests/Info.plist;
				LD_RUNPATH_SEARCH_PATHS = "$(inherited) @executable_path/Frameworks @loader_path/Frameworks";
				PRODUCT_BUNDLE_IDENTIFIER = com.FyfthElement.SectionsTests;
				PRODUCT_NAME = "$(TARGET_NAME)";
				TEST_HOST = "$(BUILT_PRODUCTS_DIR)/Sections.app/Sections";
			};
			name = Release;
		};
		B141C2C81C49487000CA262F /* Debug */ = {
			isa = XCBuildConfiguration;
			buildSettings = {
				INFOPLIST_FILE = SectionsUITests/Info.plist;
				LD_RUNPATH_SEARCH_PATHS = "$(inherited) @executable_path/Frameworks @loader_path/Frameworks";
				PRODUCT_BUNDLE_IDENTIFIER = com.FyfthElement.SectionsUITests;
				PRODUCT_NAME = "$(TARGET_NAME)";
				TEST_TARGET_NAME = Sections;
				USES_XCTRUNNER = YES;
			};
			name = Debug;
		};
		B141C2C91C49487000CA262F /* Release */ = {
			isa = XCBuildConfiguration;
			buildSettings = {
				INFOPLIST_FILE = SectionsUITests/Info.plist;
				LD_RUNPATH_SEARCH_PATHS = "$(inherited) @executable_path/Frameworks @loader_path/Frameworks";
				PRODUCT_BUNDLE_IDENTIFIER = com.FyfthElement.SectionsUITests;
				PRODUCT_NAME = "$(TARGET_NAME)";
				TEST_TARGET_NAME = Sections;
				USES_XCTRUNNER = YES;
			};
			name = Release;
		};
/* End XCBuildConfiguration section */

/* Begin XCConfigurationList section */
		B141C2941C49487000CA262F /* Build configuration list for PBXProject "Sections" */ = {
			isa = XCConfigurationList;
			buildConfigurations = (
				B141C2BF1C49487000CA262F /* Debug */,
				B141C2C01C49487000CA262F /* Release */,
			);
			defaultConfigurationIsVisible = 0;
			defaultConfigurationName = Release;
		};
		B141C2C11C49487000CA262F /* Build configuration list for PBXNativeTarget "Sections" */ = {
			isa = XCConfigurationList;
			buildConfigurations = (
				B141C2C21C49487000CA262F /* Debug */,
				B141C2C31C49487000CA262F /* Release */,
			);
			defaultConfigurationIsVisible = 0;
		};
		B141C2C41C49487000CA262F /* Build configuration list for PBXNativeTarget "SectionsTests" */ = {
			isa = XCConfigurationList;
			buildConfigurations = (
				B141C2C51C49487000CA262F /* Debug */,
				B141C2C61C49487000CA262F /* Release */,
			);
			defaultConfigurationIsVisible = 0;
		};
		B141C2C71C49487000CA262F /* Build configuration list for PBXNativeTarget "SectionsUITests" */ = {
			isa = XCConfigurationList;
			buildConfigurations = (
				B141C2C81C49487000CA262F /* Debug */,
				B141C2C91C49487000CA262F /* Release */,
			);
			defaultConfigurationIsVisible = 0;
		};
/* End XCConfigurationList section */
	};
	rootObject = B141C2911C49487000CA262F /* Project object */;
}
